// !$*UTF8*$!
{
	archiveVersion = 1;
	classes = {
	};
	objectVersion = 48;
	objects = {

/* Begin PBXBuildFile section */
		F153E9B72090CBFF003CC85B /* AppDelegate.swift in Sources */ = {isa = PBXBuildFile; fileRef = F153E9B62090CBFF003CC85B /* AppDelegate.swift */; };
		F153E9B92090CBFF003CC85B /* ViewController.swift in Sources */ = {isa = PBXBuildFile; fileRef = F153E9B82090CBFF003CC85B /* ViewController.swift */; };
		F153E9BC2090CBFF003CC85B /* Main.storyboard in Resources */ = {isa = PBXBuildFile; fileRef = F153E9BA2090CBFF003CC85B /* Main.storyboard */; };
		F153E9BE2090CBFF003CC85B /* Assets.xcassets in Resources */ = {isa = PBXBuildFile; fileRef = F153E9BD2090CBFF003CC85B /* Assets.xcassets */; };
		F153E9C12090CBFF003CC85B /* LaunchScreen.storyboard in Resources */ = {isa = PBXBuildFile; fileRef = F153E9BF2090CBFF003CC85B /* LaunchScreen.storyboard */; };
		F153E9CC2090CBFF003CC85B /* DMKTests.swift in Sources */ = {isa = PBXBuildFile; fileRef = F153E9CB2090CBFF003CC85B /* DMKTests.swift */; };
		F153E9D72090CBFF003CC85B /* DMKUITests.swift in Sources */ = {isa = PBXBuildFile; fileRef = F153E9D62090CBFF003CC85B /* DMKUITests.swift */; };
/* End PBXBuildFile section */

/* Begin PBXContainerItemProxy section */
		F153E9C82090CBFF003CC85B /* PBXContainerItemProxy */ = {
			isa = PBXContainerItemProxy;
			containerPortal = F153E9AB2090CBFF003CC85B /* Project object */;
			proxyType = 1;
			remoteGlobalIDString = F153E9B22090CBFF003CC85B;
			remoteInfo = DMK;
		};
		F153E9D32090CBFF003CC85B /* PBXContainerItemProxy */ = {
			isa = PBXContainerItemProxy;
			containerPortal = F153E9AB2090CBFF003CC85B /* Project object */;
			proxyType = 1;
			remoteGlobalIDString = F153E9B22090CBFF003CC85B;
			remoteInfo = DMK;
		};
/* End PBXContainerItemProxy section */

/* Begin PBXFileReference section */
		F153E9B32090CBFF003CC85B /* DMK.app */ = {isa = PBXFileReference; explicitFileType = wrapper.application; includeInIndex = 0; path = DMK.app; sourceTree = BUILT_PRODUCTS_DIR; };
		F153E9B62090CBFF003CC85B /* AppDelegate.swift */ = {isa = PBXFileReference; lastKnownFileType = sourcecode.swift; path = AppDelegate.swift; sourceTree = "<group>"; };
		F153E9B82090CBFF003CC85B /* ViewController.swift */ = {isa = PBXFileReference; lastKnownFileType = sourcecode.swift; path = ViewController.swift; sourceTree = "<group>"; };
		F153E9BB2090CBFF003CC85B /* Base */ = {isa = PBXFileReference; lastKnownFileType = file.storyboard; name = Base; path = Base.lproj/Main.storyboard; sourceTree = "<group>"; };
		F153E9BD2090CBFF003CC85B /* Assets.xcassets */ = {isa = PBXFileReference; lastKnownFileType = folder.assetcatalog; path = Assets.xcassets; sourceTree = "<group>"; };
		F153E9C02090CBFF003CC85B /* Base */ = {isa = PBXFileReference; lastKnownFileType = file.storyboard; name = Base; path = Base.lproj/LaunchScreen.storyboard; sourceTree = "<group>"; };
		F153E9C22090CBFF003CC85B /* Info.plist */ = {isa = PBXFileReference; lastKnownFileType = text.plist.xml; path = Info.plist; sourceTree = "<group>"; };
		F153E9C72090CBFF003CC85B /* DMKTests.xctest */ = {isa = PBXFileReference; explicitFileType = wrapper.cfbundle; includeInIndex = 0; path = DMKTests.xctest; sourceTree = BUILT_PRODUCTS_DIR; };
		F153E9CB2090CBFF003CC85B /* DMKTests.swift */ = {isa = PBXFileReference; lastKnownFileType = sourcecode.swift; path = DMKTests.swift; sourceTree = "<group>"; };
		F153E9CD2090CBFF003CC85B /* Info.plist */ = {isa = PBXFileReference; lastKnownFileType = text.plist.xml; path = Info.plist; sourceTree = "<group>"; };
		F153E9D22090CBFF003CC85B /* DMKUITests.xctest */ = {isa = PBXFileReference; explicitFileType = wrapper.cfbundle; includeInIndex = 0; path = DMKUITests.xctest; sourceTree = BUILT_PRODUCTS_DIR; };
		F153E9D62090CBFF003CC85B /* DMKUITests.swift */ = {isa = PBXFileReference; lastKnownFileType = sourcecode.swift; path = DMKUITests.swift; sourceTree = "<group>"; };
		F153E9D82090CBFF003CC85B /* Info.plist */ = {isa = PBXFileReference; lastKnownFileType = text.plist.xml; path = Info.plist; sourceTree = "<group>"; };
/* End PBXFileReference section */

/* Begin PBXFrameworksBuildPhase section */
		F153E9B02090CBFF003CC85B /* Frameworks */ = {
			isa = PBXFrameworksBuildPhase;
			buildActionMask = 2147483647;
			files = (
			);
			runOnlyForDeploymentPostprocessing = 0;
		};
		F153E9C42090CBFF003CC85B /* Frameworks */ = {
			isa = PBXFrameworksBuildPhase;
			buildActionMask = 2147483647;
			files = (
			);
			runOnlyForDeploymentPostprocessing = 0;
		};
		F153E9CF2090CBFF003CC85B /* Frameworks */ = {
			isa = PBXFrameworksBuildPhase;
			buildActionMask = 2147483647;
			files = (
			);
			runOnlyForDeploymentPostprocessing = 0;
		};
/* End PBXFrameworksBuildPhase section */

/* Begin PBXGroup section */
		F153E9AA2090CBFF003CC85B = {
			isa = PBXGroup;
			children = (
				F153E9B52090CBFF003CC85B /* DMK */,
				F153E9CA2090CBFF003CC85B /* DMKTests */,
				F153E9D52090CBFF003CC85B /* DMKUITests */,
				F153E9B42090CBFF003CC85B /* Products */,
			);
			sourceTree = "<group>";
		};
		F153E9B42090CBFF003CC85B /* Products */ = {
			isa = PBXGroup;
			children = (
				F153E9B32090CBFF003CC85B /* DMK.app */,
				F153E9C72090CBFF003CC85B /* DMKTests.xctest */,
				F153E9D22090CBFF003CC85B /* DMKUITests.xctest */,
			);
			name = Products;
			sourceTree = "<group>";
		};
		F153E9B52090CBFF003CC85B /* DMK */ = {
			isa = PBXGroup;
			children = (
				F153E9B62090CBFF003CC85B /* AppDelegate.swift */,
				F153E9B82090CBFF003CC85B /* ViewController.swift */,
				F153E9BA2090CBFF003CC85B /* Main.storyboard */,
				F153E9BD2090CBFF003CC85B /* Assets.xcassets */,
				F153E9BF2090CBFF003CC85B /* LaunchScreen.storyboard */,
				F153E9C22090CBFF003CC85B /* Info.plist */,
			);
			path = DMK;
			sourceTree = "<group>";
		};
		F153E9CA2090CBFF003CC85B /* DMKTests */ = {
			isa = PBXGroup;
			children = (
				F153E9CB2090CBFF003CC85B /* DMKTests.swift */,
				F153E9CD2090CBFF003CC85B /* Info.plist */,
			);
			path = DMKTests;
			sourceTree = "<group>";
		};
		F153E9D52090CBFF003CC85B /* DMKUITests */ = {
			isa = PBXGroup;
			children = (
				F153E9D62090CBFF003CC85B /* DMKUITests.swift */,
				F153E9D82090CBFF003CC85B /* Info.plist */,
			);
			path = DMKUITests;
			sourceTree = "<group>";
		};
/* End PBXGroup section */

/* Begin PBXNativeTarget section */
		F153E9B22090CBFF003CC85B /* DMK */ = {
			isa = PBXNativeTarget;
			buildConfigurationList = F153E9DB2090CBFF003CC85B /* Build configuration list for PBXNativeTarget "DMK" */;
			buildPhases = (
				F153E9AF2090CBFF003CC85B /* Sources */,
				F153E9B02090CBFF003CC85B /* Frameworks */,
				F153E9B12090CBFF003CC85B /* Resources */,
			);
			buildRules = (
			);
			dependencies = (
			);
			name = DMK;
			productName = DMK;
			productReference = F153E9B32090CBFF003CC85B /* DMK.app */;
			productType = "com.apple.product-type.application";
		};
		F153E9C62090CBFF003CC85B /* DMKTests */ = {
			isa = PBXNativeTarget;
			buildConfigurationList = F153E9DE2090CBFF003CC85B /* Build configuration list for PBXNativeTarget "DMKTests" */;
			buildPhases = (
				F153E9C32090CBFF003CC85B /* Sources */,
				F153E9C42090CBFF003CC85B /* Frameworks */,
				F153E9C52090CBFF003CC85B /* Resources */,
			);
			buildRules = (
			);
			dependencies = (
				F153E9C92090CBFF003CC85B /* PBXTargetDependency */,
			);
			name = DMKTests;
			productName = DMKTests;
			productReference = F153E9C72090CBFF003CC85B /* DMKTests.xctest */;
			productType = "com.apple.product-type.bundle.unit-test";
		};
		F153E9D12090CBFF003CC85B /* DMKUITests */ = {
			isa = PBXNativeTarget;
			buildConfigurationList = F153E9E12090CBFF003CC85B /* Build configuration list for PBXNativeTarget "DMKUITests" */;
			buildPhases = (
				F153E9CE2090CBFF003CC85B /* Sources */,
				F153E9CF2090CBFF003CC85B /* Frameworks */,
				F153E9D02090CBFF003CC85B /* Resources */,
			);
			buildRules = (
			);
			dependencies = (
				F153E9D42090CBFF003CC85B /* PBXTargetDependency */,
			);
			name = DMKUITests;
			productName = DMKUITests;
			productReference = F153E9D22090CBFF003CC85B /* DMKUITests.xctest */;
			productType = "com.apple.product-type.bundle.ui-testing";
		};
/* End PBXNativeTarget section */

/* Begin PBXProject section */
		F153E9AB2090CBFF003CC85B /* Project object */ = {
			isa = PBXProject;
			attributes = {
				LastSwiftUpdateCheck = 0920;
				LastUpgradeCheck = 0920;
				ORGANIZATIONNAME = dmk;
				TargetAttributes = {
					F153E9B22090CBFF003CC85B = {
						CreatedOnToolsVersion = 9.2;
						ProvisioningStyle = Automatic;
					};
					F153E9C62090CBFF003CC85B = {
						CreatedOnToolsVersion = 9.2;
						ProvisioningStyle = Automatic;
						TestTargetID = F153E9B22090CBFF003CC85B;
					};
					F153E9D12090CBFF003CC85B = {
						CreatedOnToolsVersion = 9.2;
						ProvisioningStyle = Automatic;
						TestTargetID = F153E9B22090CBFF003CC85B;
					};
				};
			};
			buildConfigurationList = F153E9AE2090CBFF003CC85B /* Build configuration list for PBXProject "DMK" */;
			compatibilityVersion = "Xcode 8.0";
			developmentRegion = en;
			hasScannedForEncodings = 0;
			knownRegions = (
				en,
				Base,
			);
			mainGroup = F153E9AA2090CBFF003CC85B;
			productRefGroup = F153E9B42090CBFF003CC85B /* Products */;
			projectDirPath = "";
			projectRoot = "";
			targets = (
				F153E9B22090CBFF003CC85B /* DMK */,
				F153E9C62090CBFF003CC85B /* DMKTests */,
				F153E9D12090CBFF003CC85B /* DMKUITests */,
			);
		};
/* End PBXProject section */

/* Begin PBXResourcesBuildPhase section */
		F153E9B12090CBFF003CC85B /* Resources */ = {
			isa = PBXResourcesBuildPhase;
			buildActionMask = 2147483647;
			files = (
				F153E9C12090CBFF003CC85B /* LaunchScreen.storyboard in Resources */,
				F153E9BE2090CBFF003CC85B /* Assets.xcassets in Resources */,
				F153E9BC2090CBFF003CC85B /* Main.storyboard in Resources */,
			);
			runOnlyForDeploymentPostprocessing = 0;
		};
		F153E9C52090CBFF003CC85B /* Resources */ = {
			isa = PBXResourcesBuildPhase;
			buildActionMask = 2147483647;
			files = (
			);
			runOnlyForDeploymentPostprocessing = 0;
		};
		F153E9D02090CBFF003CC85B /* Resources */ = {
			isa = PBXResourcesBuildPhase;
			buildActionMask = 2147483647;
			files = (
			);
			runOnlyForDeploymentPostprocessing = 0;
		};
/* End PBXResourcesBuildPhase section */

/* Begin PBXSourcesBuildPhase section */
		F153E9AF2090CBFF003CC85B /* Sources */ = {
			isa = PBXSourcesBuildPhase;
			buildActionMask = 2147483647;
			files = (
				F153E9B92090CBFF003CC85B /* ViewController.swift in Sources */,
				F153E9B72090CBFF003CC85B /* AppDelegate.swift in Sources */,
			);
			runOnlyForDeploymentPostprocessing = 0;
		};
		F153E9C32090CBFF003CC85B /* Sources */ = {
			isa = PBXSourcesBuildPhase;
			buildActionMask = 2147483647;
			files = (
				F153E9CC2090CBFF003CC85B /* DMKTests.swift in Sources */,
			);
			runOnlyForDeploymentPostprocessing = 0;
		};
		F153E9CE2090CBFF003CC85B /* Sources */ = {
			isa = PBXSourcesBuildPhase;
			buildActionMask = 2147483647;
			files = (
				F153E9D72090CBFF003CC85B /* DMKUITests.swift in Sources */,
			);
			runOnlyForDeploymentPostprocessing = 0;
		};
/* End PBXSourcesBuildPhase section */

/* Begin PBXTargetDependency section */
		F153E9C92090CBFF003CC85B /* PBXTargetDependency */ = {
			isa = PBXTargetDependency;
			target = F153E9B22090CBFF003CC85B /* DMK */;
			targetProxy = F153E9C82090CBFF003CC85B /* PBXContainerItemProxy */;
		};
		F153E9D42090CBFF003CC85B /* PBXTargetDependency */ = {
			isa = PBXTargetDependency;
			target = F153E9B22090CBFF003CC85B /* DMK */;
			targetProxy = F153E9D32090CBFF003CC85B /* PBXContainerItemProxy */;
		};
/* End PBXTargetDependency section */

/* Begin PBXVariantGroup section */
		F153E9BA2090CBFF003CC85B /* Main.storyboard */ = {
			isa = PBXVariantGroup;
			children = (
				F153E9BB2090CBFF003CC85B /* Base */,
			);
			name = Main.storyboard;
			sourceTree = "<group>";
		};
		F153E9BF2090CBFF003CC85B /* LaunchScreen.storyboard */ = {
			isa = PBXVariantGroup;
			children = (
				F153E9C02090CBFF003CC85B /* Base */,
			);
			name = LaunchScreen.storyboard;
			sourceTree = "<group>";
		};
/* End PBXVariantGroup section */

/* Begin XCBuildConfiguration section */
		F153E9D92090CBFF003CC85B /* Debug */ = {
			isa = XCBuildConfiguration;
			buildSettings = {
				ALWAYS_SEARCH_USER_PATHS = NO;
				CLANG_ANALYZER_NONNULL = YES;
				CLANG_ANALYZER_NUMBER_OBJECT_CONVERSION = YES_AGGRESSIVE;
				CLANG_CXX_LANGUAGE_STANDARD = "gnu++14";
				CLANG_CXX_LIBRARY = "libc++";
				CLANG_ENABLE_MODULES = YES;
				CLANG_ENABLE_OBJC_ARC = YES;
				CLANG_WARN_BLOCK_CAPTURE_AUTORELEASING = YES;
				CLANG_WARN_BOOL_CONVERSION = YES;
				CLANG_WARN_COMMA = YES;
				CLANG_WARN_CONSTANT_CONVERSION = YES;
				CLANG_WARN_DIRECT_OBJC_ISA_USAGE = YES_ERROR;
				CLANG_WARN_DOCUMENTATION_COMMENTS = YES;
				CLANG_WARN_EMPTY_BODY = YES;
				CLANG_WARN_ENUM_CONVERSION = YES;
				CLANG_WARN_INFINITE_RECURSION = YES;
				CLANG_WARN_INT_CONVERSION = YES;
				CLANG_WARN_NON_LITERAL_NULL_CONVERSION = YES;
				CLANG_WARN_OBJC_LITERAL_CONVERSION = YES;
				CLANG_WARN_OBJC_ROOT_CLASS = YES_ERROR;
				CLANG_WARN_RANGE_LOOP_ANALYSIS = YES;
				CLANG_WARN_STRICT_PROTOTYPES = YES;
				CLANG_WARN_SUSPICIOUS_MOVE = YES;
				CLANG_WARN_UNGUARDED_AVAILABILITY = YES_AGGRESSIVE;
				CLANG_WARN_UNREACHABLE_CODE = YES;
				CLANG_WARN__DUPLICATE_METHOD_MATCH = YES;
				CODE_SIGN_IDENTITY = "iPhone Developer";
				COPY_PHASE_STRIP = NO;
				DEBUG_INFORMATION_FORMAT = dwarf;
				ENABLE_STRICT_OBJC_MSGSEND = YES;
				ENABLE_TESTABILITY = YES;
				GCC_C_LANGUAGE_STANDARD = gnu11;
				GCC_DYNAMIC_NO_PIC = NO;
				GCC_NO_COMMON_BLOCKS = YES;
				GCC_OPTIMIZATION_LEVEL = 0;
				GCC_PREPROCESSOR_DEFINITIONS = (
					"DEBUG=1",
					"$(inherited)",
				);
				GCC_WARN_64_TO_32_BIT_CONVERSION = YES;
				GCC_WARN_ABOUT_RETURN_TYPE = YES_ERROR;
				GCC_WARN_UNDECLARED_SELECTOR = YES;
				GCC_WARN_UNINITIALIZED_AUTOS = YES_AGGRESSIVE;
				GCC_WARN_UNUSED_FUNCTION = YES;
				GCC_WARN_UNUSED_VARIABLE = YES;
				IPHONEOS_DEPLOYMENT_TARGET = 11.2;
				MTL_ENABLE_DEBUG_INFO = YES;
				ONLY_ACTIVE_ARCH = YES;
				SDKROOT = iphoneos;
				SWIFT_ACTIVE_COMPILATION_CONDITIONS = DEBUG;
				SWIFT_OPTIMIZATION_LEVEL = "-Onone";
			};
			name = Debug;
		};
		F153E9DA2090CBFF003CC85B /* Release */ = {
			isa = XCBuildConfiguration;
			buildSettings = {
				ALWAYS_SEARCH_USER_PATHS = NO;
				CLANG_ANALYZER_NONNULL = YES;
				CLANG_ANALYZER_NUMBER_OBJECT_CONVERSION = YES_AGGRESSIVE;
				CLANG_CXX_LANGUAGE_STANDARD = "gnu++14";
				CLANG_CXX_LIBRARY = "libc++";
				CLANG_ENABLE_MODULES = YES;
				CLANG_ENABLE_OBJC_ARC = YES;
				CLANG_WARN_BLOCK_CAPTURE_AUTORELEASING = YES;
				CLANG_WARN_BOOL_CONVERSION = YES;
				CLANG_WARN_COMMA = YES;
				CLANG_WARN_CONSTANT_CONVERSION = YES;
				CLANG_WARN_DIRECT_OBJC_ISA_USAGE = YES_ERROR;
				CLANG_WARN_DOCUMENTATION_COMMENTS = YES;
				CLANG_WARN_EMPTY_BODY = YES;
				CLANG_WARN_ENUM_CONVERSION = YES;
				CLANG_WARN_INFINITE_RECURSION = YES;
				CLANG_WARN_INT_CONVERSION = YES;
				CLANG_WARN_NON_LITERAL_NULL_CONVERSION = YES;
				CLANG_WARN_OBJC_LITERAL_CONVERSION = YES;
				CLANG_WARN_OBJC_ROOT_CLASS = YES_ERROR;
				CLANG_WARN_RANGE_LOOP_ANALYSIS = YES;
				CLANG_WARN_STRICT_PROTOTYPES = YES;
				CLANG_WARN_SUSPICIOUS_MOVE = YES;
				CLANG_WARN_UNGUARDED_AVAILABILITY = YES_AGGRESSIVE;
				CLANG_WARN_UNREACHABLE_CODE = YES;
				CLANG_WARN__DUPLICATE_METHOD_MATCH = YES;
				CODE_SIGN_IDENTITY = "iPhone Developer";
				COPY_PHASE_STRIP = NO;
				DEBUG_INFORMATION_FORMAT = "dwarf-with-dsym";
				ENABLE_NS_ASSERTIONS = NO;
				ENABLE_STRICT_OBJC_MSGSEND = YES;
				GCC_C_LANGUAGE_STANDARD = gnu11;
				GCC_NO_COMMON_BLOCKS = YES;
				GCC_WARN_64_TO_32_BIT_CONVERSION = YES;
				GCC_WARN_ABOUT_RETURN_TYPE = YES_ERROR;
				GCC_WARN_UNDECLARED_SELECTOR = YES;
				GCC_WARN_UNINITIALIZED_AUTOS = YES_AGGRESSIVE;
				GCC_WARN_UNUSED_FUNCTION = YES;
				GCC_WARN_UNUSED_VARIABLE = YES;
				IPHONEOS_DEPLOYMENT_TARGET = 11.2;
				MTL_ENABLE_DEBUG_INFO = NO;
				SDKROOT = iphoneos;
				SWIFT_OPTIMIZATION_LEVEL = "-Owholemodule";
				VALIDATE_PRODUCT = YES;
			};
			name = Release;
		};
		F153E9DC2090CBFF003CC85B /* Debug */ = {
			isa = XCBuildConfiguration;
			buildSettings = {
				ASSETCATALOG_COMPILER_APPICON_NAME = AppIcon;
				CODE_SIGN_STYLE = Automatic;
				INFOPLIST_FILE = DMK/Info.plist;
				LD_RUNPATH_SEARCH_PATHS = "$(inherited) @executable_path/Frameworks";
				PRODUCT_BUNDLE_IDENTIFIER = com.dmk.DMK;
				PRODUCT_NAME = "$(TARGET_NAME)";
				SWIFT_VERSION = 4.0;
				TARGETED_DEVICE_FAMILY = "1,2";
			};
			name = Debug;
		};
		F153E9DD2090CBFF003CC85B /* Release */ = {
			isa = XCBuildConfiguration;
			buildSettings = {
				ASSETCATALOG_COMPILER_APPICON_NAME = AppIcon;
				CODE_SIGN_STYLE = Automatic;
				INFOPLIST_FILE = DMK/Info.plist;
				LD_RUNPATH_SEARCH_PATHS = "$(inherited) @executable_path/Frameworks";
				PRODUCT_BUNDLE_IDENTIFIER = com.dmk.DMK;
				PRODUCT_NAME = "$(TARGET_NAME)";
				SWIFT_VERSION = 4.0;
				TARGETED_DEVICE_FAMILY = "1,2";
			};
			name = Release;
		};
		F153E9DF2090CBFF003CC85B /* Debug */ = {
			isa = XCBuildConfiguration;
			buildSettings = {
				ALWAYS_EMBED_SWIFT_STANDARD_LIBRARIES = YES;
				BUNDLE_LOADER = "$(TEST_HOST)";
				CODE_SIGN_STYLE = Automatic;
				INFOPLIST_FILE = DMKTests/Info.plist;
				LD_RUNPATH_SEARCH_PATHS = "$(inherited) @executable_path/Frameworks @loader_path/Frameworks";
				PRODUCT_BUNDLE_IDENTIFIER = com.dmk.DMKTests;
				PRODUCT_NAME = "$(TARGET_NAME)";
				SWIFT_VERSION = 4.0;
				TARGETED_DEVICE_FAMILY = "1,2";
				TEST_HOST = "$(BUILT_PRODUCTS_DIR)/DMK.app/DMK";
			};
			name = Debug;
		};
		F153E9E02090CBFF003CC85B /* Release */ = {
			isa = XCBuildConfiguration;
			buildSettings = {
				ALWAYS_EMBED_SWIFT_STANDARD_LIBRARIES = YES;
				BUNDLE_LOADER = "$(TEST_HOST)";
				CODE_SIGN_STYLE = Automatic;
				INFOPLIST_FILE = DMKTests/Info.plist;
				LD_RUNPATH_SEARCH_PATHS = "$(inherited) @executable_path/Frameworks @loader_path/Frameworks";
				PRODUCT_BUNDLE_IDENTIFIER = com.dmk.DMKTests;
				PRODUCT_NAME = "$(TARGET_NAME)";
				SWIFT_VERSION = 4.0;
				TARGETED_DEVICE_FAMILY = "1,2";
				TEST_HOST = "$(BUILT_PRODUCTS_DIR)/DMK.app/DMK";
			};
			name = Release;
		};
		F153E9E22090CBFF003CC85B /* Debug */ = {
			isa = XCBuildConfiguration;
			buildSettings = {
				ALWAYS_EMBED_SWIFT_STANDARD_LIBRARIES = YES;
				CODE_SIGN_STYLE = Automatic;
				INFOPLIST_FILE = DMKUITests/Info.plist;
				LD_RUNPATH_SEARCH_PATHS = "$(inherited) @executable_path/Frameworks @loader_path/Frameworks";
				PRODUCT_BUNDLE_IDENTIFIER = com.dmk.DMKUITests;
				PRODUCT_NAME = "$(TARGET_NAME)";
				SWIFT_VERSION = 4.0;
				TARGETED_DEVICE_FAMILY = "1,2";
				TEST_TARGET_NAME = DMK;
			};
			name = Debug;
		};
		F153E9E32090CBFF003CC85B /* Release */ = {
			isa = XCBuildConfiguration;
			buildSettings = {
				ALWAYS_EMBED_SWIFT_STANDARD_LIBRARIES = YES;
				CODE_SIGN_STYLE = Automatic;
				INFOPLIST_FILE = DMKUITests/Info.plist;
				LD_RUNPATH_SEARCH_PATHS = "$(inherited) @executable_path/Frameworks @loader_path/Frameworks";
				PRODUCT_BUNDLE_IDENTIFIER = com.dmk.DMKUITests;
				PRODUCT_NAME = "$(TARGET_NAME)";
				SWIFT_VERSION = 4.0;
				TARGETED_DEVICE_FAMILY = "1,2";
				TEST_TARGET_NAME = DMK;
			};
			name = Release;
		};
/* End XCBuildConfiguration section */

/* Begin XCConfigurationList section */
		F153E9AE2090CBFF003CC85B /* Build configuration list for PBXProject "DMK" */ = {
			isa = XCConfigurationList;
			buildConfigurations = (
				F153E9D92090CBFF003CC85B /* Debug */,
				F153E9DA2090CBFF003CC85B /* Release */,
			);
			defaultConfigurationIsVisible = 0;
			defaultConfigurationName = Release;
		};
		F153E9DB2090CBFF003CC85B /* Build configuration list for PBXNativeTarget "DMK" */ = {
			isa = XCConfigurationList;
			buildConfigurations = (
				F153E9DC2090CBFF003CC85B /* Debug */,
				F153E9DD2090CBFF003CC85B /* Release */,
			);
			defaultConfigurationIsVisible = 0;
			defaultConfigurationName = Release;
		};
		F153E9DE2090CBFF003CC85B /* Build configuration list for PBXNativeTarget "DMKTests" */ = {
			isa = XCConfigurationList;
			buildConfigurations = (
				F153E9DF2090CBFF003CC85B /* Debug */,
				F153E9E02090CBFF003CC85B /* Release */,
			);
			defaultConfigurationIsVisible = 0;
			defaultConfigurationName = Release;
		};
		F153E9E12090CBFF003CC85B /* Build configuration list for PBXNativeTarget "DMKUITests" */ = {
			isa = XCConfigurationList;
			buildConfigurations = (
				F153E9E22090CBFF003CC85B /* Debug */,
				F153E9E32090CBFF003CC85B /* Release */,
			);
			defaultConfigurationIsVisible = 0;
			defaultConfigurationName = Release;
		};
/* End XCConfigurationList section */
	};
	rootObject = F153E9AB2090CBFF003CC85B /* Project object */;
}
